
Microsoft Visual Studio Solution File, Format Version 12.00
# Visual Studio Version 17
VisualStudioVersion = 17.0.32014.148
MinimumVisualStudioVersion = 10.0.40219.1
Project("{9A19103F-16F7-4668-BE54-9A1E7A4F7556}") = "ShortLinks2.0.Application", "ShortLinks2.0.Application\ShortLinks2.0.Application.csproj", "{D58316D8-04D8-4730-9FFE-E95A7C060850}"
EndProject
Project("{FAE04EC0-301F-11D3-BF4B-00C04F79EFBC}") = "ShortLinks2.0.Persistence", "ShortLinks2.0.Persistence\ShortLinks2.0.Persistence.csproj", "{991B5D88-283E-4ED8-8784-584AC8F277A5}"
EndProject
Project("{FAE04EC0-301F-11D3-BF4B-00C04F79EFBC}") = "ShortLinks2.0.Domain", "ShortLinks2.0.Domain\ShortLinks2.0.Domain.csproj", "{A344EF7F-1828-490F-90A7-7CDBB0F20511}"
EndProject
Project("{FAE04EC0-301F-11D3-BF4B-00C04F79EFBC}") = "ShortLinks2.0.LinkManager", "ShortLinks2.0.LinkManager\ShortLinks2.0.LinkManager.csproj", "{1BB6492C-9373-42B5-AEDB-2D052EECAD22}"
EndProject
Project("{FAE04EC0-301F-11D3-BF4B-00C04F79EFBC}") = "ShortLinks2.0.Kernel", "ShortLinks2.0.Kernel\ShortLinks2.0.Kernel.csproj", "{AEE6BD93-EDDC-4876-AB28-98ED8BCE7382}"
EndProject
Global
	GlobalSection(SolutionConfigurationPlatforms) = preSolution
		Debug|Any CPU = Debug|Any CPU
		Release|Any CPU = Release|Any CPU
	EndGlobalSection
	GlobalSection(ProjectConfigurationPlatforms) = postSolution
		{D58316D8-04D8-4730-9FFE-E95A7C060850}.Debug|Any CPU.ActiveCfg = Debug|Any CPU
		{D58316D8-04D8-4730-9FFE-E95A7C060850}.Debug|Any CPU.Build.0 = Debug|Any CPU
		{D58316D8-04D8-4730-9FFE-E95A7C060850}.Release|Any CPU.ActiveCfg = Release|Any CPU
		{D58316D8-04D8-4730-9FFE-E95A7C060850}.Release|Any CPU.Build.0 = Release|Any CPU
		{991B5D88-283E-4ED8-8784-584AC8F277A5}.Debug|Any CPU.ActiveCfg = Debug|Any CPU
		{991B5D88-283E-4ED8-8784-584AC8F277A5}.Debug|Any CPU.Build.0 = Debug|Any CPU
		{991B5D88-283E-4ED8-8784-584AC8F277A5}.Release|Any CPU.ActiveCfg = Release|Any CPU
		{991B5D88-283E-4ED8-8784-584AC8F277A5}.Release|Any CPU.Build.0 = Release|Any CPU
		{A344EF7F-1828-490F-90A7-7CDBB0F20511}.Debug|Any CPU.ActiveCfg = Debug|Any CPU
		{A344EF7F-1828-490F-90A7-7CDBB0F20511}.Debug|Any CPU.Build.0 = Debug|Any CPU
		{A344EF7F-1828-490F-90A7-7CDBB0F20511}.Release|Any CPU.ActiveCfg = Release|Any CPU
		{A344EF7F-1828-490F-90A7-7CDBB0F20511}.Release|Any CPU.Build.0 = Release|Any CPU
		{1BB6492C-9373-42B5-AEDB-2D052EECAD22}.Debug|Any CPU.ActiveCfg = Debug|Any CPU
		{1BB6492C-9373-42B5-AEDB-2D052EECAD22}.Debug|Any CPU.Build.0 = Debug|Any CPU
		{1BB6492C-9373-42B5-AEDB-2D052EECAD22}.Release|Any CPU.ActiveCfg = Release|Any CPU
		{1BB6492C-9373-42B5-AEDB-2D052EECAD22}.Release|Any CPU.Build.0 = Release|Any CPU
		{AEE6BD93-EDDC-4876-AB28-98ED8BCE7382}.Debug|Any CPU.ActiveCfg = Debug|Any CPU
		{AEE6BD93-EDDC-4876-AB28-98ED8BCE7382}.Debug|Any CPU.Build.0 = Debug|Any CPU
		{AEE6BD93-EDDC-4876-AB28-98ED8BCE7382}.Release|Any CPU.ActiveCfg = Release|Any CPU
		{AEE6BD93-EDDC-4876-AB28-98ED8BCE7382}.Release|Any CPU.Build.0 = Release|Any CPU
	EndGlobalSection
	GlobalSection(SolutionProperties) = preSolution
		HideSolutionNode = FALSE
	EndGlobalSection
	GlobalSection(ExtensibilityGlobals) = postSolution
		SolutionGuid = {4C6C1D24-DD4C-44A6-A692-D1E6A27AE8BA}
	EndGlobalSection
EndGlobal
